
Microsoft Visual Studio Solution File, Format Version 12.00
# Visual Studio Version 17
VisualStudioVersion = 17.9.34607.119
MinimumVisualStudioVersion = 10.0.40219.1
Project("{8BC9CEB8-8B4A-11D0-8D11-00A0C91BC942}") = "Constructor_0189", "Constructor_0189.vcxproj", "{799F69C6-FE10-489D-B484-7B3C933E4721}"
EndProject
Project("{8BC9CEB8-8B4A-11D0-8D11-00A0C91BC942}") = "Cunstructor2_0189", "Cunstructor2_0189\Cunstructor2_0189.vcxproj", "{247926D6-99CE-43BD-9067-1E30FF9A212F}"
EndProject
Project("{8BC9CEB8-8B4A-11D0-8D11-00A0C91BC942}") = "Constructor3_0189", "Constructor3_0189\Constructor3_0189.vcxproj", "{D0FAC96B-941C-4253-9A78-A7B7942486A0}"
EndProject
Project("{8BC9CEB8-8B4A-11D0-8D11-00A0C91BC942}") = "Constructor4_0189", "Constructor4_0189\Constructor4_0189.vcxproj", "{A39265CB-8B6D-4049-AF8E-820EE3D38526}"
EndProject
Global
	GlobalSection(SolutionConfigurationPlatforms) = preSolution
		Debug|x64 = Debug|x64
		Debug|x86 = Debug|x86
		Release|x64 = Release|x64
		Release|x86 = Release|x86
	EndGlobalSection
	GlobalSection(ProjectConfigurationPlatforms) = postSolution
		{799F69C6-FE10-489D-B484-7B3C933E4721}.Debug|x64.ActiveCfg = Debug|x64
		{799F69C6-FE10-489D-B484-7B3C933E4721}.Debug|x64.Build.0 = Debug|x64
		{799F69C6-FE10-489D-B484-7B3C933E4721}.Debug|x86.ActiveCfg = Debug|Win32
		{799F69C6-FE10-489D-B484-7B3C933E4721}.Debug|x86.Build.0 = Debug|Win32
		{799F69C6-FE10-489D-B484-7B3C933E4721}.Release|x64.ActiveCfg = Release|x64
		{799F69C6-FE10-489D-B484-7B3C933E4721}.Release|x64.Build.0 = Release|x64
		{799F69C6-FE10-489D-B484-7B3C933E4721}.Release|x86.ActiveCfg = Release|Win32
		{799F69C6-FE10-489D-B484-7B3C933E4721}.Release|x86.Build.0 = Release|Win32
		{247926D6-99CE-43BD-9067-1E30FF9A212F}.Debug|x64.ActiveCfg = Debug|x64
		{247926D6-99CE-43BD-9067-1E30FF9A212F}.Debug|x64.Build.0 = Debug|x64
		{247926D6-99CE-43BD-9067-1E30FF9A212F}.Debug|x86.ActiveCfg = Debug|Win32
		{247926D6-99CE-43BD-9067-1E30FF9A212F}.Debug|x86.Build.0 = Debug|Win32
		{247926D6-99CE-43BD-9067-1E30FF9A212F}.Release|x64.ActiveCfg = Release|x64
		{247926D6-99CE-43BD-9067-1E30FF9A212F}.Release|x64.Build.0 = Release|x64
		{247926D6-99CE-43BD-9067-1E30FF9A212F}.Release|x86.ActiveCfg = Release|Win32
		{247926D6-99CE-43BD-9067-1E30FF9A212F}.Release|x86.Build.0 = Release|Win32
		{D0FAC96B-941C-4253-9A78-A7B7942486A0}.Debug|x64.ActiveCfg = Debug|x64
		{D0FAC96B-941C-4253-9A78-A7B7942486A0}.Debug|x64.Build.0 = Debug|x64
		{D0FAC96B-941C-4253-9A78-A7B7942486A0}.Debug|x86.ActiveCfg = Debug|Win32
		{D0FAC96B-941C-4253-9A78-A7B7942486A0}.Debug|x86.Build.0 = Debug|Win32
		{D0FAC96B-941C-4253-9A78-A7B7942486A0}.Release|x64.ActiveCfg = Release|x64
		{D0FAC96B-941C-4253-9A78-A7B7942486A0}.Release|x64.Build.0 = Release|x64
		{D0FAC96B-941C-4253-9A78-A7B7942486A0}.Release|x86.ActiveCfg = Release|Win32
		{D0FAC96B-941C-4253-9A78-A7B7942486A0}.Release|x86.Build.0 = Release|Win32
		{A39265CB-8B6D-4049-AF8E-820EE3D38526}.Debug|x64.ActiveCfg = Debug|x64
		{A39265CB-8B6D-4049-AF8E-820EE3D38526}.Debug|x64.Build.0 = Debug|x64
		{A39265CB-8B6D-4049-AF8E-820EE3D38526}.Debug|x86.ActiveCfg = Debug|Win32
		{A39265CB-8B6D-4049-AF8E-820EE3D38526}.Debug|x86.Build.0 = Debug|Win32
		{A39265CB-8B6D-4049-AF8E-820EE3D38526}.Release|x64.ActiveCfg = Release|x64
		{A39265CB-8B6D-4049-AF8E-820EE3D38526}.Release|x64.Build.0 = Release|x64
		{A39265CB-8B6D-4049-AF8E-820EE3D38526}.Release|x86.ActiveCfg = Release|Win32
		{A39265CB-8B6D-4049-AF8E-820EE3D38526}.Release|x86.Build.0 = Release|Win32
	EndGlobalSection
	GlobalSection(SolutionProperties) = preSolution
		HideSolutionNode = FALSE
	EndGlobalSection
	GlobalSection(ExtensibilityGlobals) = postSolution
		SolutionGuid = {6B9DCD75-25A1-43F4-94F2-271C5612964A}
	EndGlobalSection
EndGlobal
